
Microsoft Visual Studio Solution File, Format Version 12.00
# Visual Studio Version 17
VisualStudioVersion = 17.5.33627.172
MinimumVisualStudioVersion = 10.0.40219.1
Project("{FAE04EC0-301F-11D3-BF4B-00C04F79EFBC}") = "ex1", "ex1\ex1.csproj", "{9F02F769-64D7-4A3A-86C1-E4E76DB5CFDB}"
EndProject
Global
	GlobalSection(SolutionConfigurationPlatforms) = preSolution
		Debug|Any CPU = Debug|Any CPU
		Release|Any CPU = Release|Any CPU
	EndGlobalSection
	GlobalSection(ProjectConfigurationPlatforms) = postSolution
		{9F02F769-64D7-4A3A-86C1-E4E76DB5CFDB}.Debug|Any CPU.ActiveCfg = Debug|Any CPU
		{9F02F769-64D7-4A3A-86C1-E4E76DB5CFDB}.Debug|Any CPU.Build.0 = Debug|Any CPU
		{9F02F769-64D7-4A3A-86C1-E4E76DB5CFDB}.Release|Any CPU.ActiveCfg = Release|Any CPU
		{9F02F769-64D7-4A3A-86C1-E4E76DB5CFDB}.Release|Any CPU.Build.0 = Release|Any CPU
	EndGlobalSection
	GlobalSection(SolutionProperties) = preSolution
		HideSolutionNode = FALSE
	EndGlobalSection
	GlobalSection(ExtensibilityGlobals) = postSolution
		SolutionGuid = {D0E38ABD-AB35-4D3D-B6A1-14283E0F22B7}
	EndGlobalSection
EndGlobal
